
Microsoft Visual Studio Solution File, Format Version 12.00
# Visual Studio Version 16
VisualStudioVersion = 16.0.31911.196
MinimumVisualStudioVersion = 10.0.40219.1
Project("{FAE04EC0-301F-11D3-BF4B-00C04F79EFBC}") = "SalesWebMvc", "SalesWebMvc\SalesWebMvc.csproj", "{CC14FCCD-EDA7-4C98-8527-F13C1BA7FA3B}"
EndProject
Global
	GlobalSection(SolutionConfigurationPlatforms) = preSolution
		Debug|Any CPU = Debug|Any CPU
		Release|Any CPU = Release|Any CPU
	EndGlobalSection
	GlobalSection(ProjectConfigurationPlatforms) = postSolution
		{CC14FCCD-EDA7-4C98-8527-F13C1BA7FA3B}.Debug|Any CPU.ActiveCfg = Debug|Any CPU
		{CC14FCCD-EDA7-4C98-8527-F13C1BA7FA3B}.Debug|Any CPU.Build.0 = Debug|Any CPU
		{CC14FCCD-EDA7-4C98-8527-F13C1BA7FA3B}.Release|Any CPU.ActiveCfg = Release|Any CPU
		{CC14FCCD-EDA7-4C98-8527-F13C1BA7FA3B}.Release|Any CPU.Build.0 = Release|Any CPU
	EndGlobalSection
	GlobalSection(SolutionProperties) = preSolution
		HideSolutionNode = FALSE
	EndGlobalSection
	GlobalSection(ExtensibilityGlobals) = postSolution
		SolutionGuid = {89C6990A-7652-4238-9C7D-16E71C2860B8}
	EndGlobalSection
EndGlobal
